
Microsoft Visual Studio Solution File, Format Version 12.00
# Visual Studio Version 16
VisualStudioVersion = 16.0.30225.117
MinimumVisualStudioVersion = 10.0.40219.1
Project("{FAE04EC0-301F-11D3-BF4B-00C04F79EFBC}") = "tabuada", "tabuada\tabuada.csproj", "{5F25923E-5EA8-4FF8-9560-E377E23E6151}"
EndProject
Global
	GlobalSection(SolutionConfigurationPlatforms) = preSolution
		Debug|Any CPU = Debug|Any CPU
		Release|Any CPU = Release|Any CPU
	EndGlobalSection
	GlobalSection(ProjectConfigurationPlatforms) = postSolution
		{5F25923E-5EA8-4FF8-9560-E377E23E6151}.Debug|Any CPU.ActiveCfg = Debug|Any CPU
		{5F25923E-5EA8-4FF8-9560-E377E23E6151}.Debug|Any CPU.Build.0 = Debug|Any CPU
		{5F25923E-5EA8-4FF8-9560-E377E23E6151}.Release|Any CPU.ActiveCfg = Release|Any CPU
		{5F25923E-5EA8-4FF8-9560-E377E23E6151}.Release|Any CPU.Build.0 = Release|Any CPU
	EndGlobalSection
	GlobalSection(SolutionProperties) = preSolution
		HideSolutionNode = FALSE
	EndGlobalSection
	GlobalSection(ExtensibilityGlobals) = postSolution
		SolutionGuid = {E093D0E6-C6B2-4E88-B0CE-58CFC8514394}
	EndGlobalSection
EndGlobal
